// !$*UTF8*$!
{
	archiveVersion = 1;
	classes = {
	};
	objectVersion = 46;
	objects = {

/* Begin PBXBuildFile section */
		7D37529F1D69F81E004D5999 /* MovieImageState.swift in Sources */ = {isa = PBXBuildFile; fileRef = 7D37529E1D69F81E004D5999 /* MovieImageState.swift */; };
		7D46A6D01D6A66C400356D61 /* MovieDetailViewController.swift in Sources */ = {isa = PBXBuildFile; fileRef = 7D46A6CF1D6A66C400356D61 /* MovieDetailViewController.swift */; };
		7D48C64D1D68A138001B0C55 /* MovieView.xib in Resources */ = {isa = PBXBuildFile; fileRef = 7D48C64C1D68A138001B0C55 /* MovieView.xib */; };
		7D48C64F1D68A150001B0C55 /* MovieView.swift in Sources */ = {isa = PBXBuildFile; fileRef = 7D48C64E1D68A150001B0C55 /* MovieView.swift */; };
		7D48C6511D68A1FF001B0C55 /* Movie.swift in Sources */ = {isa = PBXBuildFile; fileRef = 7D48C6501D68A1FF001B0C55 /* Movie.swift */; };
		7D48C6531D68A31B001B0C55 /* BasicMovieView.swift in Sources */ = {isa = PBXBuildFile; fileRef = 7D48C6521D68A31B001B0C55 /* BasicMovieView.swift */; };
		7D48C6551D68A329001B0C55 /* BasicMovieView.xib in Resources */ = {isa = PBXBuildFile; fileRef = 7D48C6541D68A329001B0C55 /* BasicMovieView.xib */; };
		7D48C6571D68BD0E001B0C55 /* MovieTableViewCell.swift in Sources */ = {isa = PBXBuildFile; fileRef = 7D48C6561D68BD0E001B0C55 /* MovieTableViewCell.swift */; };
		7D48C6591D68BDAA001B0C55 /* MovieTableViewController.swift in Sources */ = {isa = PBXBuildFile; fileRef = 7D48C6581D68BDAA001B0C55 /* MovieTableViewController.swift */; };
		7D48C65B1D68CF42001B0C55 /* Queue.swift in Sources */ = {isa = PBXBuildFile; fileRef = 7D48C65A1D68CF42001B0C55 /* Queue.swift */; };
		7D48C65D1D68FE5B001B0C55 /* SearchViewController.swift in Sources */ = {isa = PBXBuildFile; fileRef = 7D48C65C1D68FE5B001B0C55 /* SearchViewController.swift */; };
		7D8FD70A1D67BF880074E1C3 /* AppDelegate.swift in Sources */ = {isa = PBXBuildFile; fileRef = 7D8FD7091D67BF880074E1C3 /* AppDelegate.swift */; };
		7D8FD70F1D67BF880074E1C3 /* Main.storyboard in Resources */ = {isa = PBXBuildFile; fileRef = 7D8FD70D1D67BF880074E1C3 /* Main.storyboard */; };
		7D8FD7111D67BF880074E1C3 /* Assets.xcassets in Resources */ = {isa = PBXBuildFile; fileRef = 7D8FD7101D67BF880074E1C3 /* Assets.xcassets */; };
		7D8FD7141D67BF880074E1C3 /* LaunchScreen.storyboard in Resources */ = {isa = PBXBuildFile; fileRef = 7D8FD7121D67BF880074E1C3 /* LaunchScreen.storyboard */; };
		7D8FD72D1D67DACB0074E1C3 /* MovieManager.swift in Sources */ = {isa = PBXBuildFile; fileRef = 7D8FD72C1D67DACB0074E1C3 /* MovieManager.swift */; };
/* End PBXBuildFile section */

/* Begin PBXFileReference section */
		7D37529E1D69F81E004D5999 /* MovieImageState.swift */ = {isa = PBXFileReference; fileEncoding = 4; lastKnownFileType = sourcecode.swift; path = MovieImageState.swift; sourceTree = "<group>"; };
		7D46A6CF1D6A66C400356D61 /* MovieDetailViewController.swift */ = {isa = PBXFileReference; fileEncoding = 4; lastKnownFileType = sourcecode.swift; path = MovieDetailViewController.swift; sourceTree = "<group>"; };
		7D48C64C1D68A138001B0C55 /* MovieView.xib */ = {isa = PBXFileReference; fileEncoding = 4; lastKnownFileType = file.xib; path = MovieView.xib; sourceTree = "<group>"; };
		7D48C64E1D68A150001B0C55 /* MovieView.swift */ = {isa = PBXFileReference; fileEncoding = 4; lastKnownFileType = sourcecode.swift; path = MovieView.swift; sourceTree = "<group>"; };
		7D48C6501D68A1FF001B0C55 /* Movie.swift */ = {isa = PBXFileReference; fileEncoding = 4; lastKnownFileType = sourcecode.swift; path = Movie.swift; sourceTree = "<group>"; };
		7D48C6521D68A31B001B0C55 /* BasicMovieView.swift */ = {isa = PBXFileReference; fileEncoding = 4; lastKnownFileType = sourcecode.swift; path = BasicMovieView.swift; sourceTree = "<group>"; };
		7D48C6541D68A329001B0C55 /* BasicMovieView.xib */ = {isa = PBXFileReference; fileEncoding = 4; lastKnownFileType = file.xib; path = BasicMovieView.xib; sourceTree = "<group>"; };
		7D48C6561D68BD0E001B0C55 /* MovieTableViewCell.swift */ = {isa = PBXFileReference; fileEncoding = 4; lastKnownFileType = sourcecode.swift; path = MovieTableViewCell.swift; sourceTree = "<group>"; };
		7D48C6581D68BDAA001B0C55 /* MovieTableViewController.swift */ = {isa = PBXFileReference; fileEncoding = 4; lastKnownFileType = sourcecode.swift; name = MovieTableViewController.swift; path = ../MovieTableViewController.swift; sourceTree = "<group>"; };
		7D48C65A1D68CF42001B0C55 /* Queue.swift */ = {isa = PBXFileReference; fileEncoding = 4; lastKnownFileType = sourcecode.swift; path = Queue.swift; sourceTree = "<group>"; };
		7D48C65C1D68FE5B001B0C55 /* SearchViewController.swift */ = {isa = PBXFileReference; fileEncoding = 4; lastKnownFileType = sourcecode.swift; path = SearchViewController.swift; sourceTree = "<group>"; };
		7D8FD7061D67BF880074E1C3 /* MovieSong.app */ = {isa = PBXFileReference; explicitFileType = wrapper.application; includeInIndex = 0; path = MovieSong.app; sourceTree = BUILT_PRODUCTS_DIR; };
		7D8FD7091D67BF880074E1C3 /* AppDelegate.swift */ = {isa = PBXFileReference; lastKnownFileType = sourcecode.swift; path = AppDelegate.swift; sourceTree = "<group>"; };
		7D8FD70E1D67BF880074E1C3 /* Base */ = {isa = PBXFileReference; lastKnownFileType = file.storyboard; name = Base; path = Base.lproj/Main.storyboard; sourceTree = "<group>"; };
		7D8FD7101D67BF880074E1C3 /* Assets.xcassets */ = {isa = PBXFileReference; lastKnownFileType = folder.assetcatalog; path = Assets.xcassets; sourceTree = "<group>"; };
		7D8FD7131D67BF880074E1C3 /* Base */ = {isa = PBXFileReference; lastKnownFileType = file.storyboard; name = Base; path = Base.lproj/LaunchScreen.storyboard; sourceTree = "<group>"; };
		7D8FD7151D67BF880074E1C3 /* Info.plist */ = {isa = PBXFileReference; lastKnownFileType = text.plist.xml; path = Info.plist; sourceTree = "<group>"; };
		7D8FD72C1D67DACB0074E1C3 /* MovieManager.swift */ = {isa = PBXFileReference; fileEncoding = 4; lastKnownFileType = sourcecode.swift; path = MovieManager.swift; sourceTree = "<group>"; };
/* End PBXFileReference section */

/* Begin PBXFrameworksBuildPhase section */
		7D8FD7031D67BF880074E1C3 /* Frameworks */ = {
			isa = PBXFrameworksBuildPhase;
			buildActionMask = 2147483647;
			files = (
			);
			runOnlyForDeploymentPostprocessing = 0;
		};
/* End PBXFrameworksBuildPhase section */

/* Begin PBXGroup section */
		7D01CE571D6A879C00E80076 /* Views */ = {
			isa = PBXGroup;
			children = (
				7D8FD70D1D67BF880074E1C3 /* Main.storyboard */,
				7D48C64C1D68A138001B0C55 /* MovieView.xib */,
				7D48C64E1D68A150001B0C55 /* MovieView.swift */,
				7D48C6541D68A329001B0C55 /* BasicMovieView.xib */,
				7D48C6521D68A31B001B0C55 /* BasicMovieView.swift */,
				7D48C6561D68BD0E001B0C55 /* MovieTableViewCell.swift */,
			);
			name = Views;
			sourceTree = "<group>";
		};
		7D01CE581D6A87C600E80076 /* Models */ = {
			isa = PBXGroup;
			children = (
				7D48C6501D68A1FF001B0C55 /* Movie.swift */,
				7D37529E1D69F81E004D5999 /* MovieImageState.swift */,
				7D8FD72C1D67DACB0074E1C3 /* MovieManager.swift */,
				7D48C65A1D68CF42001B0C55 /* Queue.swift */,
			);
			name = Models;
			sourceTree = "<group>";
		};
		7D01CE591D6A87E100E80076 /* Controllers */ = {
			isa = PBXGroup;
			children = (
				7D48C6581D68BDAA001B0C55 /* MovieTableViewController.swift */,
				7D48C65C1D68FE5B001B0C55 /* SearchViewController.swift */,
				7D46A6CF1D6A66C400356D61 /* MovieDetailViewController.swift */,
			);
			name = Controllers;
			sourceTree = "<group>";
		};
		7D8FD6FD1D67BF880074E1C3 = {
			isa = PBXGroup;
			children = (
				7D8FD7081D67BF880074E1C3 /* MovieSong */,
				7D8FD7071D67BF880074E1C3 /* Products */,
			);
			sourceTree = "<group>";
		};
		7D8FD7071D67BF880074E1C3 /* Products */ = {
			isa = PBXGroup;
			children = (
				7D8FD7061D67BF880074E1C3 /* MovieSong.app */,
			);
			name = Products;
			sourceTree = "<group>";
		};
		7D8FD7081D67BF880074E1C3 /* MovieSong */ = {
			isa = PBXGroup;
			children = (
				7D01CE591D6A87E100E80076 /* Controllers */,
				7D01CE581D6A87C600E80076 /* Models */,
				7D01CE571D6A879C00E80076 /* Views */,
				7D8FD72B1D67BFC80074E1C3 /* Supporting Files */,
			);
			path = MovieSong;
			sourceTree = "<group>";
		};
		7D8FD72B1D67BFC80074E1C3 /* Supporting Files */ = {
			isa = PBXGroup;
			children = (
				7D8FD7091D67BF880074E1C3 /* AppDelegate.swift */,
				7D8FD7101D67BF880074E1C3 /* Assets.xcassets */,
				7D8FD7121D67BF880074E1C3 /* LaunchScreen.storyboard */,
				7D8FD7151D67BF880074E1C3 /* Info.plist */,
			);
			name = "Supporting Files";
			sourceTree = "<group>";
		};
/* End PBXGroup section */

/* Begin PBXNativeTarget section */
		7D8FD7051D67BF880074E1C3 /* MovieSong */ = {
			isa = PBXNativeTarget;
			buildConfigurationList = 7D8FD7231D67BF880074E1C3 /* Build configuration list for PBXNativeTarget "MovieSong" */;
			buildPhases = (
				7D8FD7021D67BF880074E1C3 /* Sources */,
				7D8FD7031D67BF880074E1C3 /* Frameworks */,
				7D8FD7041D67BF880074E1C3 /* Resources */,
			);
			buildRules = (
			);
			dependencies = (
			);
			name = MovieSong;
			productName = MovieSong;
			productReference = 7D8FD7061D67BF880074E1C3 /* MovieSong.app */;
			productType = "com.apple.product-type.application";
		};
/* End PBXNativeTarget section */

/* Begin PBXProject section */
		7D8FD6FE1D67BF880074E1C3 /* Project object */ = {
			isa = PBXProject;
			attributes = {
				LastSwiftUpdateCheck = 0730;
				LastUpgradeCheck = 0730;
				ORGANIZATIONNAME = "Gamesmith, LLC";
				TargetAttributes = {
					7D8FD7051D67BF880074E1C3 = {
						CreatedOnToolsVersion = 7.3.1;
					};
				};
			};
			buildConfigurationList = 7D8FD7011D67BF880074E1C3 /* Build configuration list for PBXProject "MovieSong" */;
			compatibilityVersion = "Xcode 3.2";
			developmentRegion = English;
			hasScannedForEncodings = 0;
			knownRegions = (
				en,
				Base,
			);
			mainGroup = 7D8FD6FD1D67BF880074E1C3;
			productRefGroup = 7D8FD7071D67BF880074E1C3 /* Products */;
			projectDirPath = "";
			projectRoot = "";
			targets = (
				7D8FD7051D67BF880074E1C3 /* MovieSong */,
			);
		};
/* End PBXProject section */

/* Begin PBXResourcesBuildPhase section */
		7D8FD7041D67BF880074E1C3 /* Resources */ = {
			isa = PBXResourcesBuildPhase;
			buildActionMask = 2147483647;
			files = (
				7D8FD7141D67BF880074E1C3 /* LaunchScreen.storyboard in Resources */,
				7D48C64D1D68A138001B0C55 /* MovieView.xib in Resources */,
				7D8FD7111D67BF880074E1C3 /* Assets.xcassets in Resources */,
				7D8FD70F1D67BF880074E1C3 /* Main.storyboard in Resources */,
				7D48C6551D68A329001B0C55 /* BasicMovieView.xib in Resources */,
			);
			runOnlyForDeploymentPostprocessing = 0;
		};
/* End PBXResourcesBuildPhase section */

/* Begin PBXSourcesBuildPhase section */
		7D8FD7021D67BF880074E1C3 /* Sources */ = {
			isa = PBXSourcesBuildPhase;
			buildActionMask = 2147483647;
			files = (
				7D48C65D1D68FE5B001B0C55 /* SearchViewController.swift in Sources */,
				7D48C6591D68BDAA001B0C55 /* MovieTableViewController.swift in Sources */,
				7D8FD72D1D67DACB0074E1C3 /* MovieManager.swift in Sources */,
				7D48C64F1D68A150001B0C55 /* MovieView.swift in Sources */,
				7D46A6D01D6A66C400356D61 /* MovieDetailViewController.swift in Sources */,
				7D48C6571D68BD0E001B0C55 /* MovieTableViewCell.swift in Sources */,
				7D8FD70A1D67BF880074E1C3 /* AppDelegate.swift in Sources */,
				7D48C6531D68A31B001B0C55 /* BasicMovieView.swift in Sources */,
				7D48C65B1D68CF42001B0C55 /* Queue.swift in Sources */,
				7D48C6511D68A1FF001B0C55 /* Movie.swift in Sources */,
				7D37529F1D69F81E004D5999 /* MovieImageState.swift in Sources */,
			);
			runOnlyForDeploymentPostprocessing = 0;
		};
/* End PBXSourcesBuildPhase section */

/* Begin PBXVariantGroup section */
		7D8FD70D1D67BF880074E1C3 /* Main.storyboard */ = {
			isa = PBXVariantGroup;
			children = (
				7D8FD70E1D67BF880074E1C3 /* Base */,
			);
			name = Main.storyboard;
			sourceTree = "<group>";
		};
		7D8FD7121D67BF880074E1C3 /* LaunchScreen.storyboard */ = {
			isa = PBXVariantGroup;
			children = (
				7D8FD7131D67BF880074E1C3 /* Base */,
			);
			name = LaunchScreen.storyboard;
			sourceTree = "<group>";
		};
/* End PBXVariantGroup section */

/* Begin XCBuildConfiguration section */
		7D8FD7211D67BF880074E1C3 /* Debug */ = {
			isa = XCBuildConfiguration;
			buildSettings = {
				ALWAYS_SEARCH_USER_PATHS = NO;
				CLANG_ANALYZER_NONNULL = YES;
				CLANG_CXX_LANGUAGE_STANDARD = "gnu++0x";
				CLANG_CXX_LIBRARY = "libc++";
				CLANG_ENABLE_MODULES = YES;
				CLANG_ENABLE_OBJC_ARC = YES;
				CLANG_WARN_BOOL_CONVERSION = YES;
				CLANG_WARN_CONSTANT_CONVERSION = YES;
				CLANG_WARN_DIRECT_OBJC_ISA_USAGE = YES_ERROR;
				CLANG_WARN_EMPTY_BODY = YES;
				CLANG_WARN_ENUM_CONVERSION = YES;
				CLANG_WARN_INT_CONVERSION = YES;
				CLANG_WARN_OBJC_ROOT_CLASS = YES_ERROR;
				CLANG_WARN_UNREACHABLE_CODE = YES;
				CLANG_WARN__DUPLICATE_METHOD_MATCH = YES;
				"CODE_SIGN_IDENTITY[sdk=iphoneos*]" = "iPhone Developer";
				COPY_PHASE_STRIP = NO;
				DEBUG_INFORMATION_FORMAT = dwarf;
				ENABLE_STRICT_OBJC_MSGSEND = YES;
				ENABLE_TESTABILITY = YES;
				GCC_C_LANGUAGE_STANDARD = gnu99;
				GCC_DYNAMIC_NO_PIC = NO;
				GCC_NO_COMMON_BLOCKS = YES;
				GCC_OPTIMIZATION_LEVEL = 0;
				GCC_PREPROCESSOR_DEFINITIONS = (
					"DEBUG=1",
					"$(inherited)",
				);
				GCC_WARN_64_TO_32_BIT_CONVERSION = YES;
				GCC_WARN_ABOUT_RETURN_TYPE = YES_ERROR;
				GCC_WARN_UNDECLARED_SELECTOR = YES;
				GCC_WARN_UNINITIALIZED_AUTOS = YES_AGGRESSIVE;
				GCC_WARN_UNUSED_FUNCTION = YES;
				GCC_WARN_UNUSED_VARIABLE = YES;
				IPHONEOS_DEPLOYMENT_TARGET = 9.3;
				MTL_ENABLE_DEBUG_INFO = YES;
				ONLY_ACTIVE_ARCH = YES;
				SDKROOT = iphoneos;
				SWIFT_OPTIMIZATION_LEVEL = "-Onone";
			};
			name = Debug;
		};
		7D8FD7221D67BF880074E1C3 /* Release */ = {
			isa = XCBuildConfiguration;
			buildSettings = {
				ALWAYS_SEARCH_USER_PATHS = NO;
				CLANG_ANALYZER_NONNULL = YES;
				CLANG_CXX_LANGUAGE_STANDARD = "gnu++0x";
				CLANG_CXX_LIBRARY = "libc++";
				CLANG_ENABLE_MODULES = YES;
				CLANG_ENABLE_OBJC_ARC = YES;
				CLANG_WARN_BOOL_CONVERSION = YES;
				CLANG_WARN_CONSTANT_CONVERSION = YES;
				CLANG_WARN_DIRECT_OBJC_ISA_USAGE = YES_ERROR;
				CLANG_WARN_EMPTY_BODY = YES;
				CLANG_WARN_ENUM_CONVERSION = YES;
				CLANG_WARN_INT_CONVERSION = YES;
				CLANG_WARN_OBJC_ROOT_CLASS = YES_ERROR;
				CLANG_WARN_UNREACHABLE_CODE = YES;
				CLANG_WARN__DUPLICATE_METHOD_MATCH = YES;
				"CODE_SIGN_IDENTITY[sdk=iphoneos*]" = "iPhone Developer";
				COPY_PHASE_STRIP = NO;
				DEBUG_INFORMATION_FORMAT = "dwarf-with-dsym";
				ENABLE_NS_ASSERTIONS = NO;
				ENABLE_STRICT_OBJC_MSGSEND = YES;
				GCC_C_LANGUAGE_STANDARD = gnu99;
				GCC_NO_COMMON_BLOCKS = YES;
				GCC_WARN_64_TO_32_BIT_CONVERSION = YES;
				GCC_WARN_ABOUT_RETURN_TYPE = YES_ERROR;
				GCC_WARN_UNDECLARED_SELECTOR = YES;
				GCC_WARN_UNINITIALIZED_AUTOS = YES_AGGRESSIVE;
				GCC_WARN_UNUSED_FUNCTION = YES;
				GCC_WARN_UNUSED_VARIABLE = YES;
				IPHONEOS_DEPLOYMENT_TARGET = 9.3;
				MTL_ENABLE_DEBUG_INFO = NO;
				SDKROOT = iphoneos;
				VALIDATE_PRODUCT = YES;
			};
			name = Release;
		};
		7D8FD7241D67BF880074E1C3 /* Debug */ = {
			isa = XCBuildConfiguration;
			buildSettings = {
				ASSETCATALOG_COMPILER_APPICON_NAME = AppIcon;
				INFOPLIST_FILE = MovieSong/Info.plist;
				LD_RUNPATH_SEARCH_PATHS = "$(inherited) @executable_path/Frameworks";
				PRODUCT_BUNDLE_IDENTIFIER = com.Gamesmith.Swift.MovieSong;
				PRODUCT_NAME = "$(TARGET_NAME)";
				SWIFT_VERSION = 3.0;
			};
			name = Debug;
		};
		7D8FD7251D67BF880074E1C3 /* Release */ = {
			isa = XCBuildConfiguration;
			buildSettings = {
				ASSETCATALOG_COMPILER_APPICON_NAME = AppIcon;
				INFOPLIST_FILE = MovieSong/Info.plist;
				LD_RUNPATH_SEARCH_PATHS = "$(inherited) @executable_path/Frameworks";
				PRODUCT_BUNDLE_IDENTIFIER = com.Gamesmith.Swift.MovieSong;
				PRODUCT_NAME = "$(TARGET_NAME)";
				SWIFT_VERSION = 3.0;
			};
			name = Release;
		};
/* End XCBuildConfiguration section */

/* Begin XCConfigurationList section */
		7D8FD7011D67BF880074E1C3 /* Build configuration list for PBXProject "MovieSong" */ = {
			isa = XCConfigurationList;
			buildConfigurations = (
				7D8FD7211D67BF880074E1C3 /* Debug */,
				7D8FD7221D67BF880074E1C3 /* Release */,
			);
			defaultConfigurationIsVisible = 0;
			defaultConfigurationName = Release;
		};
		7D8FD7231D67BF880074E1C3 /* Build configuration list for PBXNativeTarget "MovieSong" */ = {
			isa = XCConfigurationList;
			buildConfigurations = (
				7D8FD7241D67BF880074E1C3 /* Debug */,
				7D8FD7251D67BF880074E1C3 /* Release */,
			);
			defaultConfigurationIsVisible = 0;
			defaultConfigurationName = Release;
		};
/* End XCConfigurationList section */
	};
	rootObject = 7D8FD6FE1D67BF880074E1C3 /* Project object */;
}
